
Microsoft Visual Studio Solution File, Format Version 12.00
# Visual Studio Version 18
VisualStudioVersion = 18.5.11716.220
MinimumVisualStudioVersion = 10.0.40219.1
Project("{FAE04EC0-301F-11D3-BF4B-00C04F79EFBC}") = "MedicineReminderApp", "MedicineReminderApp.csproj", "{E48DD82B-8DF9-4692-A6CE-EFC967753609}"
EndProject
Global
	GlobalSection(SolutionConfigurationPlatforms) = preSolution
		Debug|Any CPU = Debug|Any CPU
		Release|Any CPU = Release|Any CPU
	EndGlobalSection
	GlobalSection(ProjectConfigurationPlatforms) = postSolution
		{E48DD82B-8DF9-4692-A6CE-EFC967753609}.Debug|Any CPU.ActiveCfg = Debug|Any CPU
		{E48DD82B-8DF9-4692-A6CE-EFC967753609}.Debug|Any CPU.Build.0 = Debug|Any CPU
		{E48DD82B-8DF9-4692-A6CE-EFC967753609}.Release|Any CPU.ActiveCfg = Release|Any CPU
		{E48DD82B-8DF9-4692-A6CE-EFC967753609}.Release|Any CPU.Build.0 = Release|Any CPU
	EndGlobalSection
	GlobalSection(SolutionProperties) = preSolution
		HideSolutionNode = FALSE
	EndGlobalSection
	GlobalSection(ExtensibilityGlobals) = postSolution
		SolutionGuid = {FB575A9A-E2BB-45FE-A30D-7B4D89FFDEA3}
	EndGlobalSection
EndGlobal
